// !$*UTF8*$!
{
	archiveVersion = 1;
	classes = {
	};
	objectVersion = 50;
	objects = {

/* Begin PBXBuildFile section */
		A124081C229F7184003688B6 /* AppDelegate.m in Sources */ = {isa = PBXBuildFile; fileRef = A124081B229F7184003688B6 /* AppDelegate.m */; };
		A124081F229F7184003688B6 /* ViewController.m in Sources */ = {isa = PBXBuildFile; fileRef = A124081E229F7184003688B6 /* ViewController.m */; };
		A1240822229F7184003688B6 /* Main.storyboard in Resources */ = {isa = PBXBuildFile; fileRef = A1240820229F7184003688B6 /* Main.storyboard */; };
		A1240824229F7185003688B6 /* Assets.xcassets in Resources */ = {isa = PBXBuildFile; fileRef = A1240823229F7185003688B6 /* Assets.xcassets */; };
		A1240827229F7185003688B6 /* LaunchScreen.storyboard in Resources */ = {isa = PBXBuildFile; fileRef = A1240825229F7185003688B6 /* LaunchScreen.storyboard */; };
		A124082A229F7185003688B6 /* main.m in Sources */ = {isa = PBXBuildFile; fileRef = A1240829229F7185003688B6 /* main.m */; };
		A1240842229FAFEE003688B6 /* Debug.xcconfig in Resources */ = {isa = PBXBuildFile; fileRef = A124083B229FAFEE003688B6 /* Debug.xcconfig */; };
		A1240844229FAFEE003688B6 /* Release.xcconfig in Resources */ = {isa = PBXBuildFile; fileRef = A124083D229FAFEE003688B6 /* Release.xcconfig */; };
		A1240846229FAFEE003688B6 /* AppFrameworkInfo.plist in Resources */ = {isa = PBXBuildFile; fileRef = A1240840229FAFEE003688B6 /* AppFrameworkInfo.plist */; };
		A1240847229FAFEE003688B6 /* Generated.xcconfig in Resources */ = {isa = PBXBuildFile; fileRef = A1240841229FAFEE003688B6 /* Generated.xcconfig */; };
		A1240860229FE322003688B6 /* GeneratedPluginRegistrant.m in Sources */ = {isa = PBXBuildFile; fileRef = A124085F229FE322003688B6 /* GeneratedPluginRegistrant.m */; };
		A124092A22A0D04B003688B6 /* libflutter_boost.a in Frameworks */ = {isa = PBXBuildFile; fileRef = A124091722A0D04A003688B6 /* libflutter_boost.a */; };
		A124092B22A0D04B003688B6 /* libxservice_kit.a in Frameworks */ = {isa = PBXBuildFile; fileRef = A124092922A0D04A003688B6 /* libxservice_kit.a */; };
		A124092D22A0D245003688B6 /* libc++.tbd in Frameworks */ = {isa = PBXBuildFile; fileRef = A124092C22A0D244003688B6 /* libc++.tbd */; };
		A124093D22A113E5003688B6 /* Flutter.framework in Frameworks */ = {isa = PBXBuildFile; fileRef = A124086122A0BDA0003688B6 /* Flutter.framework */; };
		A124093E22A113E5003688B6 /* Flutter.framework in Embed Frameworks */ = {isa = PBXBuildFile; fileRef = A124086122A0BDA0003688B6 /* Flutter.framework */; settings = {ATTRIBUTES = (CodeSignOnCopy, RemoveHeadersOnCopy, ); }; };
		A124094022A113E9003688B6 /* App.framework in Frameworks */ = {isa = PBXBuildFile; fileRef = A124083E229FAFEE003688B6 /* App.framework */; };
		A124094122A113E9003688B6 /* App.framework in Embed Frameworks */ = {isa = PBXBuildFile; fileRef = A124083E229FAFEE003688B6 /* App.framework */; settings = {ATTRIBUTES = (CodeSignOnCopy, RemoveHeadersOnCopy, ); }; };
		E6C43AC99DBDD61EF45D613F /* libPods-ADFLiOSResource.a in Frameworks */ = {isa = PBXBuildFile; fileRef = 369F98C33C42B8F47E4090B1 /* libPods-ADFLiOSResource.a */; };
/* End PBXBuildFile section */

/* Begin PBXCopyFilesBuildPhase section */
		A124093F22A113E5003688B6 /* Embed Frameworks */ = {
			isa = PBXCopyFilesBuildPhase;
			buildActionMask = 2147483647;
			dstPath = "";
			dstSubfolderSpec = 10;
			files = (
				A124094122A113E9003688B6 /* App.framework in Embed Frameworks */,
				A124093E22A113E5003688B6 /* Flutter.framework in Embed Frameworks */,
			);
			name = "Embed Frameworks";
			runOnlyForDeploymentPostprocessing = 0;
		};
/* End PBXCopyFilesBuildPhase section */

/* Begin PBXFileReference section */
		2010DFA82F2786F5B5D74FD0 /* Pods-ADFLiOSResource.debug.xcconfig */ = {isa = PBXFileReference; includeInIndex = 1; lastKnownFileType = text.xcconfig; name = "Pods-ADFLiOSResource.debug.xcconfig"; path = "Pods/Target Support Files/Pods-ADFLiOSResource/Pods-ADFLiOSResource.debug.xcconfig"; sourceTree = "<group>"; };
		369F98C33C42B8F47E4090B1 /* libPods-ADFLiOSResource.a */ = {isa = PBXFileReference; explicitFileType = archive.ar; includeInIndex = 0; path = "libPods-ADFLiOSResource.a"; sourceTree = BUILT_PRODUCTS_DIR; };
		A1240817229F7184003688B6 /* ADFLiOSResource.app */ = {isa = PBXFileReference; explicitFileType = wrapper.application; includeInIndex = 0; path = ADFLiOSResource.app; sourceTree = BUILT_PRODUCTS_DIR; };
		A124081A229F7184003688B6 /* AppDelegate.h */ = {isa = PBXFileReference; lastKnownFileType = sourcecode.c.h; path = AppDelegate.h; sourceTree = "<group>"; };
		A124081B229F7184003688B6 /* AppDelegate.m */ = {isa = PBXFileReference; lastKnownFileType = sourcecode.c.objc; path = AppDelegate.m; sourceTree = "<group>"; };
		A124081D229F7184003688B6 /* ViewController.h */ = {isa = PBXFileReference; lastKnownFileType = sourcecode.c.h; path = ViewController.h; sourceTree = "<group>"; };
		A124081E229F7184003688B6 /* ViewController.m */ = {isa = PBXFileReference; lastKnownFileType = sourcecode.c.objc; path = ViewController.m; sourceTree = "<group>"; };
		A1240821229F7184003688B6 /* Base */ = {isa = PBXFileReference; lastKnownFileType = file.storyboard; name = Base; path = Base.lproj/Main.storyboard; sourceTree = "<group>"; };
		A1240823229F7185003688B6 /* Assets.xcassets */ = {isa = PBXFileReference; lastKnownFileType = folder.assetcatalog; path = Assets.xcassets; sourceTree = "<group>"; };
		A1240826229F7185003688B6 /* Base */ = {isa = PBXFileReference; lastKnownFileType = file.storyboard; name = Base; path = Base.lproj/LaunchScreen.storyboard; sourceTree = "<group>"; };
		A1240828229F7185003688B6 /* Info.plist */ = {isa = PBXFileReference; lastKnownFileType = text.plist.xml; path = Info.plist; sourceTree = "<group>"; };
		A1240829229F7185003688B6 /* main.m */ = {isa = PBXFileReference; lastKnownFileType = sourcecode.c.objc; path = main.m; sourceTree = "<group>"; };
		A124083B229FAFEE003688B6 /* Debug.xcconfig */ = {isa = PBXFileReference; fileEncoding = 4; lastKnownFileType = text.xcconfig; path = Debug.xcconfig; sourceTree = "<group>"; };
		A124083D229FAFEE003688B6 /* Release.xcconfig */ = {isa = PBXFileReference; fileEncoding = 4; lastKnownFileType = text.xcconfig; path = Release.xcconfig; sourceTree = "<group>"; };
		A124083E229FAFEE003688B6 /* App.framework */ = {isa = PBXFileReference; lastKnownFileType = wrapper.framework; path = App.framework; sourceTree = "<group>"; };
		A124083F229FAFEE003688B6 /* ADFLiOSResource.h */ = {isa = PBXFileReference; fileEncoding = 4; lastKnownFileType = sourcecode.c.h; path = ADFLiOSResource.h; sourceTree = "<group>"; };
		A1240840229FAFEE003688B6 /* AppFrameworkInfo.plist */ = {isa = PBXFileReference; fileEncoding = 4; lastKnownFileType = text.plist.xml; path = AppFrameworkInfo.plist; sourceTree = "<group>"; };
		A1240841229FAFEE003688B6 /* Generated.xcconfig */ = {isa = PBXFileReference; fileEncoding = 4; lastKnownFileType = text.xcconfig; path = Generated.xcconfig; sourceTree = "<group>"; };
		A124085E229FE322003688B6 /* GeneratedPluginRegistrant.h */ = {isa = PBXFileReference; fileEncoding = 4; lastKnownFileType = sourcecode.c.h; path = GeneratedPluginRegistrant.h; sourceTree = "<group>"; };
		A124085F229FE322003688B6 /* GeneratedPluginRegistrant.m */ = {isa = PBXFileReference; fileEncoding = 4; lastKnownFileType = sourcecode.c.objc; path = GeneratedPluginRegistrant.m; sourceTree = "<group>"; };
		A124086122A0BDA0003688B6 /* Flutter.framework */ = {isa = PBXFileReference; lastKnownFileType = wrapper.framework; path = Flutter.framework; sourceTree = "<group>"; };
		A124090822A0D04A003688B6 /* FLBFlutterApplication.h */ = {isa = PBXFileReference; fileEncoding = 4; lastKnownFileType = sourcecode.c.h; path = FLBFlutterApplication.h; sourceTree = "<group>"; };
		A124090922A0D04A003688B6 /* FLBResultMediator.h */ = {isa = PBXFileReference; fileEncoding = 4; lastKnownFileType = sourcecode.c.h; path = FLBResultMediator.h; sourceTree = "<group>"; };
		A124090A22A0D04A003688B6 /* FLBPlatform.h */ = {isa = PBXFileReference; fileEncoding = 4; lastKnownFileType = sourcecode.c.h; path = FLBPlatform.h; sourceTree = "<group>"; };
		A124090B22A0D04A003688B6 /* FLBFlutterViewProvider.h */ = {isa = PBXFileReference; fileEncoding = 4; lastKnownFileType = sourcecode.c.h; path = FLBFlutterViewProvider.h; sourceTree = "<group>"; };
		A124090C22A0D04A003688B6 /* FLBFlutterViewContainer.h */ = {isa = PBXFileReference; fileEncoding = 4; lastKnownFileType = sourcecode.c.h; path = FLBFlutterViewContainer.h; sourceTree = "<group>"; };
		A124090D22A0D04A003688B6 /* FLBFlutterAppDelegate.h */ = {isa = PBXFileReference; fileEncoding = 4; lastKnownFileType = sourcecode.c.h; path = FLBFlutterAppDelegate.h; sourceTree = "<group>"; };
		A124090E22A0D04A003688B6 /* FLBFlutterViewControllerAdaptor.h */ = {isa = PBXFileReference; fileEncoding = 4; lastKnownFileType = sourcecode.c.h; path = FLBFlutterViewControllerAdaptor.h; sourceTree = "<group>"; };
		A124090F22A0D04A003688B6 /* FlutterBoostPlugin.h */ = {isa = PBXFileReference; fileEncoding = 4; lastKnownFileType = sourcecode.c.h; path = FlutterBoostPlugin.h; sourceTree = "<group>"; };
		A124091022A0D04A003688B6 /* FLBViewProviderFactory.h */ = {isa = PBXFileReference; fileEncoding = 4; lastKnownFileType = sourcecode.c.h; path = FLBViewProviderFactory.h; sourceTree = "<group>"; };
		A124091122A0D04A003688B6 /* FlutterBoostConfig.h */ = {isa = PBXFileReference; fileEncoding = 4; lastKnownFileType = sourcecode.c.h; path = FlutterBoostConfig.h; sourceTree = "<group>"; };
		A124091222A0D04A003688B6 /* FLBViewControllerResultHandler.h */ = {isa = PBXFileReference; fileEncoding = 4; lastKnownFileType = sourcecode.c.h; path = FLBViewControllerResultHandler.h; sourceTree = "<group>"; };
		A124091322A0D04A003688B6 /* FLBFlutterEngine.h */ = {isa = PBXFileReference; fileEncoding = 4; lastKnownFileType = sourcecode.c.h; path = FLBFlutterEngine.h; sourceTree = "<group>"; };
		A124091422A0D04A003688B6 /* FLBFlutterEngineOld.h */ = {isa = PBXFileReference; fileEncoding = 4; lastKnownFileType = sourcecode.c.h; path = FLBFlutterEngineOld.h; sourceTree = "<group>"; };
		A124091522A0D04A003688B6 /* FLBFlutterViewContainerManager.h */ = {isa = PBXFileReference; fileEncoding = 4; lastKnownFileType = sourcecode.c.h; path = FLBFlutterViewContainerManager.h; sourceTree = "<group>"; };
		A124091622A0D04A003688B6 /* FlutterBoost.h */ = {isa = PBXFileReference; fileEncoding = 4; lastKnownFileType = sourcecode.c.h; path = FlutterBoost.h; sourceTree = "<group>"; };
		A124091722A0D04A003688B6 /* libflutter_boost.a */ = {isa = PBXFileReference; lastKnownFileType = archive.ar; path = libflutter_boost.a; sourceTree = "<group>"; };
		A124092922A0D04A003688B6 /* libxservice_kit.a */ = {isa = PBXFileReference; lastKnownFileType = archive.ar; path = libxservice_kit.a; sourceTree = "<group>"; };
		A124092C22A0D244003688B6 /* libc++.tbd */ = {isa = PBXFileReference; lastKnownFileType = "sourcecode.text-based-dylib-definition"; name = "libc++.tbd"; path = "usr/lib/libc++.tbd"; sourceTree = SDKROOT; };
		A124092F22A0D564003688B6 /* FlutterServiceCallDispather.h */ = {isa = PBXFileReference; fileEncoding = 4; lastKnownFileType = sourcecode.c.h; path = FlutterServiceCallDispather.h; sourceTree = "<group>"; };
		A124093022A0D564003688B6 /* FlutterMessageClient.h */ = {isa = PBXFileReference; fileEncoding = 4; lastKnownFileType = sourcecode.c.h; path = FlutterMessageClient.h; sourceTree = "<group>"; };
		A124093122A0D564003688B6 /* MessengerFacede.h */ = {isa = PBXFileReference; fileEncoding = 4; lastKnownFileType = sourcecode.c.h; path = MessengerFacede.h; sourceTree = "<group>"; };
		A124093222A0D564003688B6 /* XKCollectionHelper.h */ = {isa = PBXFileReference; fileEncoding = 4; lastKnownFileType = sourcecode.c.h; path = XKCollectionHelper.h; sourceTree = "<group>"; };
		A124093322A0D564003688B6 /* FlutterMessageFactory.h */ = {isa = PBXFileReference; fileEncoding = 4; lastKnownFileType = sourcecode.c.h; path = FlutterMessageFactory.h; sourceTree = "<group>"; };
		A124093422A0D564003688B6 /* FlutterChannelManager.h */ = {isa = PBXFileReference; fileEncoding = 4; lastKnownFileType = sourcecode.c.h; path = FlutterChannelManager.h; sourceTree = "<group>"; };
		A124093522A0D564003688B6 /* XserviceKitPlugin.h */ = {isa = PBXFileReference; fileEncoding = 4; lastKnownFileType = sourcecode.c.h; path = XserviceKitPlugin.h; sourceTree = "<group>"; };
		A124093622A0D564003688B6 /* FlutterNativeService.h */ = {isa = PBXFileReference; fileEncoding = 4; lastKnownFileType = sourcecode.c.h; path = FlutterNativeService.h; sourceTree = "<group>"; };
		A124093722A0D564003688B6 /* FlutterServiceCallHandler.h */ = {isa = PBXFileReference; fileEncoding = 4; lastKnownFileType = sourcecode.c.h; path = FlutterServiceCallHandler.h; sourceTree = "<group>"; };
		A124093822A0D564003688B6 /* FlutterServiceTemplate.h */ = {isa = PBXFileReference; fileEncoding = 4; lastKnownFileType = sourcecode.c.h; path = FlutterServiceTemplate.h; sourceTree = "<group>"; };
		A124093922A0D564003688B6 /* ServiceGateway.h */ = {isa = PBXFileReference; fileEncoding = 4; lastKnownFileType = sourcecode.c.h; path = ServiceGateway.h; sourceTree = "<group>"; };
		A124093A22A0D564003688B6 /* MessageClient.h */ = {isa = PBXFileReference; fileEncoding = 4; lastKnownFileType = sourcecode.c.h; path = MessageClient.h; sourceTree = "<group>"; };
		A124093B22A0D564003688B6 /* MessageDispatcher.h */ = {isa = PBXFileReference; fileEncoding = 4; lastKnownFileType = sourcecode.c.h; path = MessageDispatcher.h; sourceTree = "<group>"; };
		A124093C22A0D564003688B6 /* MCUtils.h */ = {isa = PBXFileReference; fileEncoding = 4; lastKnownFileType = sourcecode.c.h; path = MCUtils.h; sourceTree = "<group>"; };
		F1D2C205C6B419B2E4868687 /* Pods-ADFLiOSResource.release.xcconfig */ = {isa = PBXFileReference; includeInIndex = 1; lastKnownFileType = text.xcconfig; name = "Pods-ADFLiOSResource.release.xcconfig"; path = "Pods/Target Support Files/Pods-ADFLiOSResource/Pods-ADFLiOSResource.release.xcconfig"; sourceTree = "<group>"; };
/* End PBXFileReference section */

/* Begin PBXFrameworksBuildPhase section */
		A1240814229F7184003688B6 /* Frameworks */ = {
			isa = PBXFrameworksBuildPhase;
			buildActionMask = 2147483647;
			files = (
				A124092D22A0D245003688B6 /* libc++.tbd in Frameworks */,
				A124092A22A0D04B003688B6 /* libflutter_boost.a in Frameworks */,
				A124094022A113E9003688B6 /* App.framework in Frameworks */,
				A124093D22A113E5003688B6 /* Flutter.framework in Frameworks */,
				A124092B22A0D04B003688B6 /* libxservice_kit.a in Frameworks */,
				E6C43AC99DBDD61EF45D613F /* libPods-ADFLiOSResource.a in Frameworks */,
			);
			runOnlyForDeploymentPostprocessing = 0;
		};
/* End PBXFrameworksBuildPhase section */

/* Begin PBXGroup section */
		44432AFDF1A76632ECC7118B /* Frameworks */ = {
			isa = PBXGroup;
			children = (
				A124092C22A0D244003688B6 /* libc++.tbd */,
				369F98C33C42B8F47E4090B1 /* libPods-ADFLiOSResource.a */,
			);
			name = Frameworks;
			sourceTree = "<group>";
		};
		A124080E229F7184003688B6 = {
			isa = PBXGroup;
			children = (
				A1240819229F7184003688B6 /* ADFLiOSResource */,
				A1240818229F7184003688B6 /* Products */,
				DC9F979A1AF3C462A774C20F /* Pods */,
				44432AFDF1A76632ECC7118B /* Frameworks */,
			);
			sourceTree = "<group>";
		};
		A1240818229F7184003688B6 /* Products */ = {
			isa = PBXGroup;
			children = (
				A1240817229F7184003688B6 /* ADFLiOSResource.app */,
			);
			name = Products;
			sourceTree = "<group>";
		};
		A1240819229F7184003688B6 /* ADFLiOSResource */ = {
			isa = PBXGroup;
			children = (
				A124083A229FAFEE003688B6 /* ADFLiOSResource */,
				A124081A229F7184003688B6 /* AppDelegate.h */,
				A124081B229F7184003688B6 /* AppDelegate.m */,
				A124081D229F7184003688B6 /* ViewController.h */,
				A124081E229F7184003688B6 /* ViewController.m */,
				A1240820229F7184003688B6 /* Main.storyboard */,
				A1240823229F7185003688B6 /* Assets.xcassets */,
				A1240825229F7185003688B6 /* LaunchScreen.storyboard */,
				A1240828229F7185003688B6 /* Info.plist */,
				A1240829229F7185003688B6 /* main.m */,
			);
			path = ADFLiOSResource;
			sourceTree = "<group>";
		};
		A124083A229FAFEE003688B6 /* ADFLiOSResource */ = {
			isa = PBXGroup;
			children = (
				A124090522A0D04A003688B6 /* flutter_boost */,
				A124091822A0D04A003688B6 /* libxservice_kit */,
				A124086122A0BDA0003688B6 /* Flutter.framework */,
				A124085E229FE322003688B6 /* GeneratedPluginRegistrant.h */,
				A124085F229FE322003688B6 /* GeneratedPluginRegistrant.m */,
				A124083B229FAFEE003688B6 /* Debug.xcconfig */,
				A124083D229FAFEE003688B6 /* Release.xcconfig */,
				A124083E229FAFEE003688B6 /* App.framework */,
				A124083F229FAFEE003688B6 /* ADFLiOSResource.h */,
				A1240840229FAFEE003688B6 /* AppFrameworkInfo.plist */,
				A1240841229FAFEE003688B6 /* Generated.xcconfig */,
			);
			path = ADFLiOSResource;
			sourceTree = "<group>";
		};
		A124090522A0D04A003688B6 /* flutter_boost */ = {
			isa = PBXGroup;
			children = (
				A124090622A0D04A003688B6 /* Include */,
				A124091722A0D04A003688B6 /* libflutter_boost.a */,
			);
			path = flutter_boost;
			sourceTree = "<group>";
		};
		A124090622A0D04A003688B6 /* Include */ = {
			isa = PBXGroup;
			children = (
				A124090722A0D04A003688B6 /* flutter_boost */,
			);
			path = Include;
			sourceTree = "<group>";
		};
		A124090722A0D04A003688B6 /* flutter_boost */ = {
			isa = PBXGroup;
			children = (
				A124090822A0D04A003688B6 /* FLBFlutterApplication.h */,
				A124090922A0D04A003688B6 /* FLBResultMediator.h */,
				A124090A22A0D04A003688B6 /* FLBPlatform.h */,
				A124090B22A0D04A003688B6 /* FLBFlutterViewProvider.h */,
				A124090C22A0D04A003688B6 /* FLBFlutterViewContainer.h */,
				A124090D22A0D04A003688B6 /* FLBFlutterAppDelegate.h */,
				A124090E22A0D04A003688B6 /* FLBFlutterViewControllerAdaptor.h */,
				A124090F22A0D04A003688B6 /* FlutterBoostPlugin.h */,
				A124091022A0D04A003688B6 /* FLBViewProviderFactory.h */,
				A124091122A0D04A003688B6 /* FlutterBoostConfig.h */,
				A124091222A0D04A003688B6 /* FLBViewControllerResultHandler.h */,
				A124091322A0D04A003688B6 /* FLBFlutterEngine.h */,
				A124091422A0D04A003688B6 /* FLBFlutterEngineOld.h */,
				A124091522A0D04A003688B6 /* FLBFlutterViewContainerManager.h */,
				A124091622A0D04A003688B6 /* FlutterBoost.h */,
			);
			path = flutter_boost;
			sourceTree = "<group>";
		};
		A124091822A0D04A003688B6 /* libxservice_kit */ = {
			isa = PBXGroup;
			children = (
				A124091922A0D04A003688B6 /* Include */,
				A124092922A0D04A003688B6 /* libxservice_kit.a */,
			);
			path = libxservice_kit;
			sourceTree = "<group>";
		};
		A124091922A0D04A003688B6 /* Include */ = {
			isa = PBXGroup;
			children = (
				A124092E22A0D564003688B6 /* xservice_kit */,
			);
			path = Include;
			sourceTree = "<group>";
		};
		A124092E22A0D564003688B6 /* xservice_kit */ = {
			isa = PBXGroup;
			children = (
				A124092F22A0D564003688B6 /* FlutterServiceCallDispather.h */,
				A124093022A0D564003688B6 /* FlutterMessageClient.h */,
				A124093122A0D564003688B6 /* MessengerFacede.h */,
				A124093222A0D564003688B6 /* XKCollectionHelper.h */,
				A124093322A0D564003688B6 /* FlutterMessageFactory.h */,
				A124093422A0D564003688B6 /* FlutterChannelManager.h */,
				A124093522A0D564003688B6 /* XserviceKitPlugin.h */,
				A124093622A0D564003688B6 /* FlutterNativeService.h */,
				A124093722A0D564003688B6 /* FlutterServiceCallHandler.h */,
				A124093822A0D564003688B6 /* FlutterServiceTemplate.h */,
				A124093922A0D564003688B6 /* ServiceGateway.h */,
				A124093A22A0D564003688B6 /* MessageClient.h */,
				A124093B22A0D564003688B6 /* MessageDispatcher.h */,
				A124093C22A0D564003688B6 /* MCUtils.h */,
			);
			path = xservice_kit;
			sourceTree = "<group>";
		};
		DC9F979A1AF3C462A774C20F /* Pods */ = {
			isa = PBXGroup;
			children = (
				2010DFA82F2786F5B5D74FD0 /* Pods-ADFLiOSResource.debug.xcconfig */,
				F1D2C205C6B419B2E4868687 /* Pods-ADFLiOSResource.release.xcconfig */,
			);
			name = Pods;
			sourceTree = "<group>";
		};
/* End PBXGroup section */

/* Begin PBXNativeTarget section */
		A1240816229F7184003688B6 /* ADFLiOSResource */ = {
			isa = PBXNativeTarget;
			buildConfigurationList = A124082D229F7185003688B6 /* Build configuration list for PBXNativeTarget "ADFLiOSResource" */;
			buildPhases = (
				EB39C625B19F155D4CFFDCA4 /* [CP] Check Pods Manifest.lock */,
				A1240813229F7184003688B6 /* Sources */,
				A1240814229F7184003688B6 /* Frameworks */,
				A1240815229F7184003688B6 /* Resources */,
				A124093F22A113E5003688B6 /* Embed Frameworks */,
			);
			buildRules = (
			);
			dependencies = (
			);
			name = ADFLiOSResource;
			productName = ADFLiOSResource;
			productReference = A1240817229F7184003688B6 /* ADFLiOSResource.app */;
			productType = "com.apple.product-type.application";
		};
/* End PBXNativeTarget section */

/* Begin PBXProject section */
		A124080F229F7184003688B6 /* Project object */ = {
			isa = PBXProject;
			attributes = {
				LastUpgradeCheck = 1010;
				ORGANIZATIONNAME = Andy;
				TargetAttributes = {
					A1240816229F7184003688B6 = {
						CreatedOnToolsVersion = 10.1;
					};
				};
			};
			buildConfigurationList = A1240812229F7184003688B6 /* Build configuration list for PBXProject "ADFLiOSResource" */;
			compatibilityVersion = "Xcode 9.3";
			developmentRegion = en;
			hasScannedForEncodings = 0;
			knownRegions = (
				en,
				Base,
			);
			mainGroup = A124080E229F7184003688B6;
			productRefGroup = A1240818229F7184003688B6 /* Products */;
			projectDirPath = "";
			projectRoot = "";
			targets = (
				A1240816229F7184003688B6 /* ADFLiOSResource */,
			);
		};
/* End PBXProject section */

/* Begin PBXResourcesBuildPhase section */
		A1240815229F7184003688B6 /* Resources */ = {
			isa = PBXResourcesBuildPhase;
			buildActionMask = 2147483647;
			files = (
				A1240842229FAFEE003688B6 /* Debug.xcconfig in Resources */,
				A1240827229F7185003688B6 /* LaunchScreen.storyboard in Resources */,
				A1240824229F7185003688B6 /* Assets.xcassets in Resources */,
				A1240822229F7184003688B6 /* Main.storyboard in Resources */,
				A1240847229FAFEE003688B6 /* Generated.xcconfig in Resources */,
				A1240844229FAFEE003688B6 /* Release.xcconfig in Resources */,
				A1240846229FAFEE003688B6 /* AppFrameworkInfo.plist in Resources */,
			);
			runOnlyForDeploymentPostprocessing = 0;
		};
/* End PBXResourcesBuildPhase section */

/* Begin PBXShellScriptBuildPhase section */
		EB39C625B19F155D4CFFDCA4 /* [CP] Check Pods Manifest.lock */ = {
			isa = PBXShellScriptBuildPhase;
			buildActionMask = 2147483647;
			files = (
			);
			inputPaths = (
				"${PODS_PODFILE_DIR_PATH}/Podfile.lock",
				"${PODS_ROOT}/Manifest.lock",
			);
			name = "[CP] Check Pods Manifest.lock";
			outputPaths = (
				"$(DERIVED_FILE_DIR)/Pods-ADFLiOSResource-checkManifestLockResult.txt",
			);
			runOnlyForDeploymentPostprocessing = 0;
			shellPath = /bin/sh;
			shellScript = "diff \"${PODS_PODFILE_DIR_PATH}/Podfile.lock\" \"${PODS_ROOT}/Manifest.lock\" > /dev/null\nif [ $? != 0 ] ; then\n    # print error to STDERR\n    echo \"error: The sandbox is not in sync with the Podfile.lock. Run 'pod install' or update your CocoaPods installation.\" >&2\n    exit 1\nfi\n# This output is used by Xcode 'outputs' to avoid re-running this script phase.\necho \"SUCCESS\" > \"${SCRIPT_OUTPUT_FILE_0}\"\n";
			showEnvVarsInLog = 0;
		};
/* End PBXShellScriptBuildPhase section */

/* Begin PBXSourcesBuildPhase section */
		A1240813229F7184003688B6 /* Sources */ = {
			isa = PBXSourcesBuildPhase;
			buildActionMask = 2147483647;
			files = (
				A124081F229F7184003688B6 /* ViewController.m in Sources */,
				A124082A229F7185003688B6 /* main.m in Sources */,
				A124081C229F7184003688B6 /* AppDelegate.m in Sources */,
				A1240860229FE322003688B6 /* GeneratedPluginRegistrant.m in Sources */,
			);
			runOnlyForDeploymentPostprocessing = 0;
		};
/* End PBXSourcesBuildPhase section */

/* Begin PBXVariantGroup section */
		A1240820229F7184003688B6 /* Main.storyboard */ = {
			isa = PBXVariantGroup;
			children = (
				A1240821229F7184003688B6 /* Base */,
			);
			name = Main.storyboard;
			sourceTree = "<group>";
		};
		A1240825229F7185003688B6 /* LaunchScreen.storyboard */ = {
			isa = PBXVariantGroup;
			children = (
				A1240826229F7185003688B6 /* Base */,
			);
			name = LaunchScreen.storyboard;
			sourceTree = "<group>";
		};
/* End PBXVariantGroup section */

/* Begin XCBuildConfiguration section */
		A124082B229F7185003688B6 /* Debug */ = {
			isa = XCBuildConfiguration;
			buildSettings = {
				ALWAYS_SEARCH_USER_PATHS = NO;
				CLANG_ANALYZER_NONNULL = YES;
				CLANG_ANALYZER_NUMBER_OBJECT_CONVERSION = YES_AGGRESSIVE;
				CLANG_CXX_LANGUAGE_STANDARD = "gnu++14";
				CLANG_CXX_LIBRARY = "libc++";
				CLANG_ENABLE_MODULES = YES;
				CLANG_ENABLE_OBJC_ARC = YES;
				CLANG_ENABLE_OBJC_WEAK = YES;
				CLANG_WARN_BLOCK_CAPTURE_AUTORELEASING = YES;
				CLANG_WARN_BOOL_CONVERSION = YES;
				CLANG_WARN_COMMA = YES;
				CLANG_WARN_CONSTANT_CONVERSION = YES;
				CLANG_WARN_DEPRECATED_OBJC_IMPLEMENTATIONS = YES;
				CLANG_WARN_DIRECT_OBJC_ISA_USAGE = YES_ERROR;
				CLANG_WARN_DOCUMENTATION_COMMENTS = YES;
				CLANG_WARN_EMPTY_BODY = YES;
				CLANG_WARN_ENUM_CONVERSION = YES;
				CLANG_WARN_INFINITE_RECURSION = YES;
				CLANG_WARN_INT_CONVERSION = YES;
				CLANG_WARN_NON_LITERAL_NULL_CONVERSION = YES;
				CLANG_WARN_OBJC_IMPLICIT_RETAIN_SELF = YES;
				CLANG_WARN_OBJC_LITERAL_CONVERSION = YES;
				CLANG_WARN_OBJC_ROOT_CLASS = YES_ERROR;
				CLANG_WARN_RANGE_LOOP_ANALYSIS = YES;
				CLANG_WARN_STRICT_PROTOTYPES = YES;
				CLANG_WARN_SUSPICIOUS_MOVE = YES;
				CLANG_WARN_UNGUARDED_AVAILABILITY = YES_AGGRESSIVE;
				CLANG_WARN_UNREACHABLE_CODE = YES;
				CLANG_WARN__DUPLICATE_METHOD_MATCH = YES;
				CODE_SIGN_IDENTITY = "iPhone Developer";
				COPY_PHASE_STRIP = NO;
				DEBUG_INFORMATION_FORMAT = dwarf;
				ENABLE_STRICT_OBJC_MSGSEND = YES;
				ENABLE_TESTABILITY = YES;
				GCC_C_LANGUAGE_STANDARD = gnu11;
				GCC_DYNAMIC_NO_PIC = NO;
				GCC_NO_COMMON_BLOCKS = YES;
				GCC_OPTIMIZATION_LEVEL = 0;
				GCC_PREPROCESSOR_DEFINITIONS = (
					"DEBUG=1",
					"$(inherited)",
				);
				GCC_WARN_64_TO_32_BIT_CONVERSION = YES;
				GCC_WARN_ABOUT_RETURN_TYPE = YES_ERROR;
				GCC_WARN_UNDECLARED_SELECTOR = YES;
				GCC_WARN_UNINITIALIZED_AUTOS = YES_AGGRESSIVE;
				GCC_WARN_UNUSED_FUNCTION = YES;
				GCC_WARN_UNUSED_VARIABLE = YES;
				IPHONEOS_DEPLOYMENT_TARGET = 12.1;
				MTL_ENABLE_DEBUG_INFO = INCLUDE_SOURCE;
				MTL_FAST_MATH = YES;
				ONLY_ACTIVE_ARCH = YES;
				SDKROOT = iphoneos;
			};
			name = Debug;
		};
		A124082C229F7185003688B6 /* Release */ = {
			isa = XCBuildConfiguration;
			buildSettings = {
				ALWAYS_SEARCH_USER_PATHS = NO;
				CLANG_ANALYZER_NONNULL = YES;
				CLANG_ANALYZER_NUMBER_OBJECT_CONVERSION = YES_AGGRESSIVE;
				CLANG_CXX_LANGUAGE_STANDARD = "gnu++14";
				CLANG_CXX_LIBRARY = "libc++";
				CLANG_ENABLE_MODULES = YES;
				CLANG_ENABLE_OBJC_ARC = YES;
				CLANG_ENABLE_OBJC_WEAK = YES;
				CLANG_WARN_BLOCK_CAPTURE_AUTORELEASING = YES;
				CLANG_WARN_BOOL_CONVERSION = YES;
				CLANG_WARN_COMMA = YES;
				CLANG_WARN_CONSTANT_CONVERSION = YES;
				CLANG_WARN_DEPRECATED_OBJC_IMPLEMENTATIONS = YES;
				CLANG_WARN_DIRECT_OBJC_ISA_USAGE = YES_ERROR;
				CLANG_WARN_DOCUMENTATION_COMMENTS = YES;
				CLANG_WARN_EMPTY_BODY = YES;
				CLANG_WARN_ENUM_CONVERSION = YES;
				CLANG_WARN_INFINITE_RECURSION = YES;
				CLANG_WARN_INT_CONVERSION = YES;
				CLANG_WARN_NON_LITERAL_NULL_CONVERSION = YES;
				CLANG_WARN_OBJC_IMPLICIT_RETAIN_SELF = YES;
				CLANG_WARN_OBJC_LITERAL_CONVERSION = YES;
				CLANG_WARN_OBJC_ROOT_CLASS = YES_ERROR;
				CLANG_WARN_RANGE_LOOP_ANALYSIS = YES;
				CLANG_WARN_STRICT_PROTOTYPES = YES;
				CLANG_WARN_SUSPICIOUS_MOVE = YES;
				CLANG_WARN_UNGUARDED_AVAILABILITY = YES_AGGRESSIVE;
				CLANG_WARN_UNREACHABLE_CODE = YES;
				CLANG_WARN__DUPLICATE_METHOD_MATCH = YES;
				CODE_SIGN_IDENTITY = "iPhone Developer";
				COPY_PHASE_STRIP = NO;
				DEBUG_INFORMATION_FORMAT = "dwarf-with-dsym";
				ENABLE_NS_ASSERTIONS = NO;
				ENABLE_STRICT_OBJC_MSGSEND = YES;
				GCC_C_LANGUAGE_STANDARD = gnu11;
				GCC_NO_COMMON_BLOCKS = YES;
				GCC_WARN_64_TO_32_BIT_CONVERSION = YES;
				GCC_WARN_ABOUT_RETURN_TYPE = YES_ERROR;
				GCC_WARN_UNDECLARED_SELECTOR = YES;
				GCC_WARN_UNINITIALIZED_AUTOS = YES_AGGRESSIVE;
				GCC_WARN_UNUSED_FUNCTION = YES;
				GCC_WARN_UNUSED_VARIABLE = YES;
				IPHONEOS_DEPLOYMENT_TARGET = 12.1;
				MTL_ENABLE_DEBUG_INFO = NO;
				MTL_FAST_MATH = YES;
				SDKROOT = iphoneos;
				VALIDATE_PRODUCT = YES;
			};
			name = Release;
		};
		A124082E229F7185003688B6 /* Debug */ = {
			isa = XCBuildConfiguration;
			baseConfigurationReference = 2010DFA82F2786F5B5D74FD0 /* Pods-ADFLiOSResource.debug.xcconfig */;
			buildSettings = {
				ASSETCATALOG_COMPILER_APPICON_NAME = AppIcon;
				CODE_SIGN_STYLE = Automatic;
				DEVELOPMENT_TEAM = T58F77STV4;
				ENABLE_BITCODE = NO;
				FRAMEWORK_SEARCH_PATHS = (
					"$(inherited)",
					"$(PROJECT_DIR)/ADFLiOSResource/ADFLiOSResource",
				);
				INFOPLIST_FILE = ADFLiOSResource/Info.plist;
				LD_RUNPATH_SEARCH_PATHS = (
					"$(inherited)",
					"@executable_path/Frameworks",
				);
				LIBRARY_SEARCH_PATHS = (
					"$(inherited)",
					"$(PROJECT_DIR)/ADFLiOSResource/ADFLiOSResource",
					"$(PROJECT_DIR)/ADFLiOSResource/ADFLiOSResource/flutter_boost",
					"$(PROJECT_DIR)/ADFLiOSResource/ADFLiOSResource/libxservice_kit",
				);
				PRODUCT_BUNDLE_IDENTIFIER = Andy.ADFLiOSResource;
				PRODUCT_NAME = "$(TARGET_NAME)";
				TARGETED_DEVICE_FAMILY = "1,2";
			};
			name = Debug;
		};
		A124082F229F7185003688B6 /* Release */ = {
			isa = XCBuildConfiguration;
			baseConfigurationReference = F1D2C205C6B419B2E4868687 /* Pods-ADFLiOSResource.release.xcconfig */;
			buildSettings = {
				ASSETCATALOG_COMPILER_APPICON_NAME = AppIcon;
				CODE_SIGN_STYLE = Automatic;
				DEVELOPMENT_TEAM = T58F77STV4;
				ENABLE_BITCODE = NO;
				FRAMEWORK_SEARCH_PATHS = (
					"$(inherited)",
					"$(PROJECT_DIR)/ADFLiOSResource/ADFLiOSResource",
				);
				INFOPLIST_FILE = ADFLiOSResource/Info.plist;
				LD_RUNPATH_SEARCH_PATHS = (
					"$(inherited)",
					"@executable_path/Frameworks",
				);
				LIBRARY_SEARCH_PATHS = (
					"$(inherited)",
					"$(PROJECT_DIR)/ADFLiOSResource/ADFLiOSResource",
					"$(PROJECT_DIR)/ADFLiOSResource/ADFLiOSResource/flutter_boost",
					"$(PROJECT_DIR)/ADFLiOSResource/ADFLiOSResource/libxservice_kit",
				);
				PRODUCT_BUNDLE_IDENTIFIER = Andy.ADFLiOSResource;
				PRODUCT_NAME = "$(TARGET_NAME)";
				TARGETED_DEVICE_FAMILY = "1,2";
			};
			name = Release;
		};
/* End XCBuildConfiguration section */

/* Begin XCConfigurationList section */
		A1240812229F7184003688B6 /* Build configuration list for PBXProject "ADFLiOSResource" */ = {
			isa = XCConfigurationList;
			buildConfigurations = (
				A124082B229F7185003688B6 /* Debug */,
				A124082C229F7185003688B6 /* Release */,
			);
			defaultConfigurationIsVisible = 0;
			defaultConfigurationName = Release;
		};
		A124082D229F7185003688B6 /* Build configuration list for PBXNativeTarget "ADFLiOSResource" */ = {
			isa = XCConfigurationList;
			buildConfigurations = (
				A124082E229F7185003688B6 /* Debug */,
				A124082F229F7185003688B6 /* Release */,
			);
			defaultConfigurationIsVisible = 0;
			defaultConfigurationName = Release;
		};
/* End XCConfigurationList section */
	};
	rootObject = A124080F229F7184003688B6 /* Project object */;
}
